
Microsoft Visual Studio Solution File, Format Version 12.00
# Visual Studio 2012
Project("{f2a71f9b-5d33-465a-a702-920d77279786}") = "KafkaProducer", "KafkaProducer\KafkaProducer.fsproj", "{EB8DBF49-7F2B-4691-862C-C2E1CEE91731}"
EndProject
Project("{f2a71f9b-5d33-465a-a702-920d77279786}") = "KafkaConsumer", "KafkaConsumer\KafkaConsumer.fsproj", "{906B0D02-B36F-4A6A-AE20-9608566BCAB8}"
EndProject
Project("{f2a71f9b-5d33-465a-a702-920d77279786}") = "StandardLibrary", "StandardLibrary\StandardLibrary.fsproj", "{9647E763-8684-42AE-BC4E-DCA8DB7FBD94}"
EndProject
Project("{f2a71f9b-5d33-465a-a702-920d77279786}") = "CommonTypes", "CommonTypes\CommonTypes.fsproj", "{A5544F50-3F11-43E7-9A02-9BBE532BFD3C}"
EndProject
Global
	GlobalSection(SolutionConfigurationPlatforms) = preSolution
		Debug|x86 = Debug|x86
		Release|x86 = Release|x86
	EndGlobalSection
	GlobalSection(ProjectConfigurationPlatforms) = postSolution
		{EB8DBF49-7F2B-4691-862C-C2E1CEE91731}.Debug|x86.ActiveCfg = Debug|x86
		{EB8DBF49-7F2B-4691-862C-C2E1CEE91731}.Debug|x86.Build.0 = Debug|x86
		{EB8DBF49-7F2B-4691-862C-C2E1CEE91731}.Release|x86.ActiveCfg = Release|x86
		{EB8DBF49-7F2B-4691-862C-C2E1CEE91731}.Release|x86.Build.0 = Release|x86
		{906B0D02-B36F-4A6A-AE20-9608566BCAB8}.Debug|x86.ActiveCfg = Debug|x86
		{906B0D02-B36F-4A6A-AE20-9608566BCAB8}.Debug|x86.Build.0 = Debug|x86
		{906B0D02-B36F-4A6A-AE20-9608566BCAB8}.Release|x86.ActiveCfg = Release|x86
		{906B0D02-B36F-4A6A-AE20-9608566BCAB8}.Release|x86.Build.0 = Release|x86
		{9647E763-8684-42AE-BC4E-DCA8DB7FBD94}.Debug|x86.ActiveCfg = Debug|Any CPU
		{9647E763-8684-42AE-BC4E-DCA8DB7FBD94}.Debug|x86.Build.0 = Debug|Any CPU
		{9647E763-8684-42AE-BC4E-DCA8DB7FBD94}.Release|x86.ActiveCfg = Release|Any CPU
		{9647E763-8684-42AE-BC4E-DCA8DB7FBD94}.Release|x86.Build.0 = Release|Any CPU
		{A5544F50-3F11-43E7-9A02-9BBE532BFD3C}.Debug|x86.ActiveCfg = Debug|Any CPU
		{A5544F50-3F11-43E7-9A02-9BBE532BFD3C}.Debug|x86.Build.0 = Debug|Any CPU
		{A5544F50-3F11-43E7-9A02-9BBE532BFD3C}.Release|x86.ActiveCfg = Release|Any CPU
		{A5544F50-3F11-43E7-9A02-9BBE532BFD3C}.Release|x86.Build.0 = Release|Any CPU
	EndGlobalSection
	GlobalSection(MonoDevelopProperties) = preSolution
		Policies = $0
		$0.TextStylePolicy = $1
		$1.FileWidth = 120
		$1.NoTabsAfterNonTabs = True
		$1.inheritsSet = VisualStudio
		$1.inheritsScope = text/plain
		$1.scope = text/x-fsharp
		$0.FSharpFormattingPolicy = $2
		$2.DefaultFormat = $3
		$3.IndentOnTryWith = False
		$3.ReorderOpenDeclaration = False
		$3.SpaceAfterComma = True
		$3.SpaceAfterSemicolon = True
		$3.SpaceAroundDelimiter = True
		$3.SpaceBeforeArgument = True
		$3.SpaceBeforeColon = True
		$2.scope = text/x-fsharp
	EndGlobalSection
EndGlobal
